{
    "_readme": [
        "This file locks the dependencies of your project to a known state",
        "Read more about it at https://getcomposer.org/doc/01-basic-usage.md#installing-dependencies",
        "This file is @generated automatically"
    ],
    "content-hash": "4b2fc3cf5f612670d7dea8204eb2e4c4",
    "packages": [
        {
            "name": "mcroitor/arguments",
            "version": "dev-main",
            "source": {
                "type": "git",
                "url": "https://github.com/mcroitor/arguments.git",
                "reference": "5515379fde6c989f9eccbc6ef37d53026538f793"
            },
            "dist": {
                "type": "zip",
                "url": "https://api.github.com/repos/mcroitor/arguments/zipball/5515379fde6c989f9eccbc6ef37d53026538f793",
                "reference": "5515379fde6c989f9eccbc6ef37d53026538f793",
                "shasum": ""
            },
            "require": {
                "php": ">=8.0"
            },
            "default-branch": true,
            "type": "library",
            "autoload": {
                "psr-4": {
                    "Mc\\": "src/Mc/"
                }
            },
            "license": [
                "MIT"
            ],
            "authors": [
                {
                    "name": "mcroitor",
                    "homepage": "https://github.com/mcroitor"
                }
            ],
            "description": "PHP class for defining and parsing CLI arguments.",
            "time": "2026-07-07T04:19:06+00:00"
        },
        {
            "name": "mcroitor/database",
            "version": "dev-main",
            "source": {
                "type": "git",
                "url": "https://github.com/mcroitor/database.git",
                "reference": "8137984938b4a11dce813f568fee8616bfd161c4"
            },
            "dist": {
                "type": "zip",
                "url": "https://api.github.com/repos/mcroitor/database/zipball/8137984938b4a11dce813f568fee8616bfd161c4",
                "reference": "8137984938b4a11dce813f568fee8616bfd161c4",
                "shasum": ""
            },
            "require": {
                "php": ">=8.3"
            },
            "default-branch": true,
            "type": "library",
            "autoload": {
                "psr-4": {
                    "Mc\\": "src/Mc"
                }
            },
            "license": [
                "Unlicense license"
            ],
            "authors": [
                {
                    "name": "mcroitor",
                    "homepage": "https://github.com/mcroitor"
                }
            ],
            "description": "Simple PHP library, PDO wrapper.",
            "time": "2026-07-31T16:44:01+00:00"
        },
        {
            "name": "mcroitor/logger",
            "version": "dev-main",
            "source": {
                "type": "git",
                "url": "https://github.com/mcroitor/logger.git",
                "reference": "4a745837aa6ceccb20b6e1153eaa5da6dc89f53c"
            },
            "dist": {
                "type": "zip",
                "url": "https://api.github.com/repos/mcroitor/logger/zipball/4a745837aa6ceccb20b6e1153eaa5da6dc89f53c",
                "reference": "4a745837aa6ceccb20b6e1153eaa5da6dc89f53c",
                "shasum": ""
            },
            "require": {
                "php": ">=7.2.0"
            },
            "default-branch": true,
            "type": "library",
            "autoload": {
                "psr-4": {
                    "Mc\\": "src/Mc"
                }
            },
            "authors": [
                {
                    "name": "Mihail Croitor",
                    "email": "mcroitor@gmail.com"
                }
            ],
            "description": "Simple PHP logger.",
            "time": "2026-07-31T19:10:23+00:00"
        },
        {
            "name": "mcroitor/mc-http",
            "version": "dev-main",
            "source": {
                "type": "git",
                "url": "https://github.com/mcroitor/mc-http.git",
                "reference": "2561f7095f1db657909b3299093bc6062eaf6ce8"
            },
            "dist": {
                "type": "zip",
                "url": "https://api.github.com/repos/mcroitor/mc-http/zipball/2561f7095f1db657909b3299093bc6062eaf6ce8",
                "reference": "2561f7095f1db657909b3299093bc6062eaf6ce8",
                "shasum": ""
            },
            "require": {
                "ext-curl": "*",
                "php": "^8.0"
            },
            "default-branch": true,
            "type": "library",
            "autoload": {
                "psr-4": {
                    "Mc\\": "Mc/"
                }
            },
            "license": [
                "MIT"
            ],
            "authors": [
                {
                    "name": "mcroitor"
                }
            ],
            "description": "PHP cURL wrapper",
            "time": "2026-08-05T11:13:02+00:00"
        },
        {
            "name": "mcroitor/router",
            "version": "dev-master",
            "source": {
                "type": "git",
                "url": "https://github.com/mcroitor/router.git",
                "reference": "1382aa3169f4dd06a748cdee003e726ce605271a"
            },
            "dist": {
                "type": "zip",
                "url": "https://api.github.com/repos/mcroitor/router/zipball/1382aa3169f4dd06a748cdee003e726ce605271a",
                "reference": "1382aa3169f4dd06a748cdee003e726ce605271a",
                "shasum": ""
            },
            "require": {
                "php": ">=8.0"
            },
            "default-branch": true,
            "type": "library",
            "autoload": {
                "psr-4": {
                    "Mc\\": "src/Mc/"
                }
            },
            "license": [
                "Unlicense license"
            ],
            "authors": [
                {
                    "name": "mcroitor",
                    "homepage": "https://github.com/mcroitor"
                }
            ],
            "description": "The router class do simple thing: routes by label to the callable.",
            "time": "2026-07-31T13:52:27+00:00"
        },
        {
            "name": "mcroitor/template",
            "version": "dev-main",
            "source": {
                "type": "git",
                "url": "https://github.com/mcroitor/template.git",
                "reference": "bebb53c12b887b47346ae2a0dad85b47e699b583"
            },
            "dist": {
                "type": "zip",
                "url": "https://api.github.com/repos/mcroitor/template/zipball/bebb53c12b887b47346ae2a0dad85b47e699b583",
                "reference": "bebb53c12b887b47346ae2a0dad85b47e699b583",
                "shasum": ""
            },
            "require": {
                "php": ">=8.0"
            },
            "default-branch": true,
            "type": "library",
            "autoload": {
                "psr-4": {
                    "Mc\\": "src/Mc"
                }
            },
            "license": [
                " GPL-3.0 license"
            ],
            "authors": [
                {
                    "name": "mcroitor",
                    "homepage": "https://github.com/mcroitor"
                }
            ],
            "description": "Simple PHP template filler",
            "time": "2026-07-31T13:59:36+00:00"
        }
    ],
    "packages-dev": [
        {
            "name": "mcroitor/mc-unit",
            "version": "dev-main",
            "source": {
                "type": "git",
                "url": "https://github.com/mcroitor/mc-unit.git",
                "reference": "764f6f68d844525af9e96009ea6fef7b64d12214"
            },
            "dist": {
                "type": "zip",
                "url": "https://api.github.com/repos/mcroitor/mc-unit/zipball/764f6f68d844525af9e96009ea6fef7b64d12214",
                "reference": "764f6f68d844525af9e96009ea6fef7b64d12214",
                "shasum": ""
            },
            "require": {
                "mcroitor/logger": "dev-main",
                "php": ">=8.3"
            },
            "default-branch": true,
            "type": "library",
            "autoload": {
                "psr-4": {
                    "Mc\\": "src/Mc/"
                }
            },
            "license": [
                "MIT"
            ],
            "authors": [
                {
                    "name": "mcroitor",
                    "homepage": "https://github.com/mcroitor"
                }
            ],
            "description": "Simple PHP unit test framework",
            "time": "2026-07-31T11:27:36+00:00"
        },
        {
            "name": "phpstan/phpstan",
            "version": "2.2.8",
            "dist": {
                "type": "zip",
                "url": "https://api.github.com/repos/phpstan/phpstan/zipball/e285254e60f33c21902efef4a926ca0987c06804",
                "reference": "e285254e60f33c21902efef4a926ca0987c06804",
                "shasum": ""
            },
            "require": {
                "php": "^7.4|^8.0"
            },
            "conflict": {
                "phpstan/phpstan-shim": "*"
            },
            "bin": [
                "phpstan",
                "phpstan.phar"
            ],
            "type": "library",
            "autoload": {
                "files": [
                    "bootstrap.php"
                ]
            },
            "notification-url": "https://packagist.org/downloads/",
            "license": [
                "MIT"
            ],
            "authors": [
                {
                    "name": "Ondřej Mirtes"
                },
                {
                    "name": "Markus Staab"
                },
                {
                    "name": "Vincent Langlet"
                }
            ],
            "description": "PHPStan - PHP Static Analysis Tool",
            "keywords": [
                "dev",
                "static analysis"
            ],
            "support": {
                "docs": "https://phpstan.org/user-guide/getting-started",
                "forum": "https://github.com/phpstan/phpstan/discussions",
                "issues": "https://github.com/phpstan/phpstan/issues",
                "security": "https://github.com/phpstan/phpstan/security/policy",
                "source": "https://github.com/phpstan/phpstan-src"
            },
            "funding": [
                {
                    "url": "https://github.com/ondrejmirtes",
                    "type": "github"
                },
                {
                    "url": "https://github.com/phpstan",
                    "type": "github"
                }
            ],
            "time": "2026-08-04T22:21:45+00:00"
        }
    ],
    "aliases": [],
    "minimum-stability": "dev",
    "stability-flags": {
        "mcroitor/arguments": 20,
        "mcroitor/database": 20,
        "mcroitor/logger": 20,
        "mcroitor/mc-http": 20,
        "mcroitor/mc-unit": 20,
        "mcroitor/router": 20,
        "mcroitor/template": 20
    },
    "prefer-stable": true,
    "prefer-lowest": false,
    "platform": {
        "php": "^8.1",
        "ext-pdo_sqlite": "*",
        "ext-json": "*"
    },
    "platform-dev": {},
    "plugin-api-version": "2.9.0"
}
